Microsoft Visual Studio Solution File, Format Version 12.00
# Visual Studio Version 17
VisualStudioVersion = 17.10.34916.146
MinimumVisualStudioVersion = 10.0.40219.1
Project("{FAE04EC0-301F-11D3-BF4B-00C04F79EFBC}") = "PluginInterface", "PluginInterface\PluginInterface.csproj", "{00D0C21D-D94C-4B0F-A710-1EFBABB4C4C6}"
EndProject
Project("{FAE04EC0-301F-11D3-BF4B-00C04F79EFBC}") = "Host", "Host\Host.csproj", "{6FA2ED30-D723-480A-9C5C-1C77C4E75D0F}"
EndProject
Project("{FAE04EC0-301F-11D3-BF4B-00C04F79EFBC}") = "Plugin1", "Plugin1\Plugin1.csproj", "{A4DE9C7B-C818-42AC-A841-D347D0919C36}"
EndProject
Global
	GlobalSection(SolutionConfigurationPlatforms) = preSolution
		Debug|Any CPU = Debug|Any CPU
		Release|Any CPU = Release|Any CPU
	EndGlobalSection
	GlobalSection(ProjectConfigurationPlatforms) = postSolution
		{00D0C21D-D94C-4B0F-A710-1EFBABB4C4C6}.Debug|Any CPU.ActiveCfg = Debug|Any CPU
		{00D0C21D-D94C-4B0F-A710-1EFBABB4C4C6}.Debug|Any CPU.Build.0 = Debug|Any CPU
		{00D0C21D-D94C-4B0F-A710-1EFBABB4C4C6}.Release|Any CPU.ActiveCfg = Release|Any CPU
		{00D0C21D-D94C-4B0F-A710-1EFBABB4C4C6}.Release|Any CPU.Build.0 = Release|Any CPU
		{6FA2ED30-D723-480A-9C5C-1C77C4E75D0F}.Debug|Any CPU.ActiveCfg = Debug|Any CPU
		{6FA2ED30-D723-480A-9C5C-1C77C4E75D0F}.Debug|Any CPU.Build.0 = Debug|Any CPU
		{6FA2ED30-D723-480A-9C5C-1C77C4E75D0F}.Release|Any CPU.ActiveCfg = Release|Any CPU
		{6FA2ED30-D723-480A-9C5C-1C77C4E75D0F}.Release|Any CPU.Build.0 = Release|Any CPU
		{A4DE9C7B-C818-42AC-A841-D347D0919C36}.Debug|Any CPU.ActiveCfg = Debug|Any CPU
		{A4DE9C7B-C818-42AC-A841-D347D0919C36}.Debug|Any CPU.Build.0 = Debug|Any CPU
		{A4DE9C7B-C818-42AC-A841-D347D0919C36}.Release|Any CPU.ActiveCfg = Release|Any CPU
		{A4DE9C7B-C818-42AC-A841-D347D0919C36}.Release|Any CPU.Build.0 = Release|Any CPU
	EndGlobalSection
	GlobalSection(SolutionProperties) = preSolution
		HideSolutionNode = FALSE
	EndGlobalSection
	GlobalSection(ExtensibilityGlobals) = postSolution
		SolutionGuid = {20594495-0209-4750-AE27-926F977F9B82}
	EndGlobalSection
EndGlobal
